{
    "version": 3,
    "terraform_version": "0.11.13",
    "serial": 99,
    "lineage": "c44c79e8-2b7e-39b5-61a7-72a5f28293d4",
    "modules": [
        {
            "path": [
                "root"
            ],
            "outputs": {
                "webserverip": {
                    "sensitive": false,
                    "type": "string",
                    "value": "13.64.196.115"
                }
            },
            "resources": {
                "azurerm_network_interface.mynic": {
                    "type": "azurerm_network_interface",
                    "depends_on": [
                        "azurerm_network_security_group.mynsg",
                        "azurerm_public_ip.mypublicip",
                        "azurerm_resource_group.myvm",
                        "azurerm_subnet.mysubnet"
                    ],
                    "primary": {
                        "id": "/subscriptions/56afa4ea-a01f-4797-94c5-11ba7fe2f802/resourceGroups/vmresource/providers/Microsoft.Network/networkInterfaces/myNIC",
                        "attributes": {
                            "applied_dns_servers.#": "0",
                            "dns_servers.#": "0",
                            "enable_accelerated_networking": "false",
                            "enable_ip_forwarding": "false",
                            "id": "/subscriptions/56afa4ea-a01f-4797-94c5-11ba7fe2f802/resourceGroups/vmresource/providers/Microsoft.Network/networkInterfaces/myNIC",
                            "internal_dns_name_label": "",
                            "internal_fqdn": "",
                            "ip_configuration.#": "1",
                            "ip_configuration.0.application_gateway_backend_address_pools_ids.#": "0",
                            "ip_configuration.0.application_security_group_ids.#": "0",
                            "ip_configuration.0.load_balancer_backend_address_pools_ids.#": "0",
                            "ip_configuration.0.load_balancer_inbound_nat_rules_ids.#": "0",
                            "ip_configuration.0.name": "myprivateip",
                            "ip_configuration.0.primary": "true",
                            "ip_configuration.0.private_ip_address": "",
                            "ip_configuration.0.private_ip_address_allocation": "dynamic",
                            "ip_configuration.0.private_ip_address_version": "IPv4",
                            "ip_configuration.0.public_ip_address_id": "/subscriptions/56afa4ea-a01f-4797-94c5-11ba7fe2f802/resourceGroups/vmresource/providers/Microsoft.Network/publicIPAddresses/myPublicIP",
                            "ip_configuration.0.subnet_id": "/subscriptions/56afa4ea-a01f-4797-94c5-11ba7fe2f802/resourceGroups/vmresource/providers/Microsoft.Network/virtualNetworks/myvnet/subnets/mysubnet",
                            "location": "westus",
                            "mac_address": "00-0D-3A-37-5E-E8",
                            "name": "myNIC",
                            "network_security_group_id": "/subscriptions/56afa4ea-a01f-4797-94c5-11ba7fe2f802/resourceGroups/vmresource/providers/Microsoft.Network/networkSecurityGroups/mynsg",
                            "private_ip_address": "192.168.0.4",
                            "private_ip_addresses.#": "1",
                            "private_ip_addresses.0": "192.168.0.4",
                            "resource_group_name": "vmresource",
                            "tags.%": "0",
                            "virtual_machine_id": "/subscriptions/56afa4ea-a01f-4797-94c5-11ba7fe2f802/resourceGroups/vmresource/providers/Microsoft.Compute/virtualMachines/web"
                        },
                        "meta": {},
                        "tainted": false
                    },
                    "deposed": [],
                    "provider": "provider.azurerm"
                },
                "azurerm_network_security_group.mynsg": {
                    "type": "azurerm_network_security_group",
                    "depends_on": [
                        "azurerm_resource_group.myvm"
                    ],
                    "primary": {
                        "id": "/subscriptions/56afa4ea-a01f-4797-94c5-11ba7fe2f802/resourceGroups/vmresource/providers/Microsoft.Network/networkSecurityGroups/mynsg",
                        "attributes": {
                            "id": "/subscriptions/56afa4ea-a01f-4797-94c5-11ba7fe2f802/resourceGroups/vmresource/providers/Microsoft.Network/networkSecurityGroups/mynsg",
                            "location": "westus",
                            "name": "mynsg",
                            "resource_group_name": "vmresource",
                            "security_rule.#": "1",
                            "security_rule.200503819.access": "Allow",
                            "security_rule.200503819.description": "",
                            "security_rule.200503819.destination_address_prefix": "*",
                            "security_rule.200503819.destination_address_prefixes.#": "0",
                            "security_rule.200503819.destination_application_security_group_ids.#": "0",
                            "security_rule.200503819.destination_port_range": "",
                            "security_rule.200503819.destination_port_ranges.#": "3",
                            "security_rule.200503819.destination_port_ranges.1685985038": "22",
                            "security_rule.200503819.destination_port_ranges.1889509032": "80",
                            "security_rule.200503819.destination_port_ranges.32925333": "8080",
                            "security_rule.200503819.direction": "Inbound",
                            "security_rule.200503819.name": "SSH",
                            "security_rule.200503819.priority": "1001",
                            "security_rule.200503819.protocol": "Tcp",
                            "security_rule.200503819.source_address_prefix": "*",
                            "security_rule.200503819.source_address_prefixes.#": "0",
                            "security_rule.200503819.source_application_security_group_ids.#": "0",
                            "security_rule.200503819.source_port_range": "*",
                            "security_rule.200503819.source_port_ranges.#": "0",
                            "tags.%": "0"
                        },
                        "meta": {},
                        "tainted": false
                    },
                    "deposed": [],
                    "provider": "provider.azurerm"
                },
                "azurerm_public_ip.mypublicip": {
                    "type": "azurerm_public_ip",
                    "depends_on": [
                        "azurerm_resource_group.myvm"
                    ],
                    "primary": {
                        "id": "/subscriptions/56afa4ea-a01f-4797-94c5-11ba7fe2f802/resourceGroups/vmresource/providers/Microsoft.Network/publicIPAddresses/myPublicIP",
                        "attributes": {
                            "allocation_method": "Dynamic",
                            "id": "/subscriptions/56afa4ea-a01f-4797-94c5-11ba7fe2f802/resourceGroups/vmresource/providers/Microsoft.Network/publicIPAddresses/myPublicIP",
                            "idle_timeout_in_minutes": "4",
                            "ip_address": "13.64.196.115",
                            "ip_version": "IPv4",
                            "location": "westus",
                            "name": "myPublicIP",
                            "public_ip_address_allocation": "Dynamic",
                            "resource_group_name": "vmresource",
                            "sku": "Basic",
                            "tags.%": "0",
                            "zones.#": "0"
                        },
                        "meta": {},
                        "tainted": false
                    },
                    "deposed": [],
                    "provider": "provider.azurerm"
                },
                "azurerm_resource_group.myvm": {
                    "type": "azurerm_resource_group",
                    "depends_on": [],
                    "primary": {
                        "id": "/subscriptions/56afa4ea-a01f-4797-94c5-11ba7fe2f802/resourceGroups/vmresource",
                        "attributes": {
                            "id": "/subscriptions/56afa4ea-a01f-4797-94c5-11ba7fe2f802/resourceGroups/vmresource",
                            "location": "westus",
                            "name": "vmresource",
                            "tags.%": "1",
                            "tags.environment": "demo"
                        },
                        "meta": {},
                        "tainted": false
                    },
                    "deposed": [],
                    "provider": "provider.azurerm"
                },
                "azurerm_subnet.mysubnet": {
                    "type": "azurerm_subnet",
                    "depends_on": [
                        "azurerm_resource_group.myvm",
                        "azurerm_virtual_network.myvmnetwork"
                    ],
                    "primary": {
                        "id": "/subscriptions/56afa4ea-a01f-4797-94c5-11ba7fe2f802/resourceGroups/vmresource/providers/Microsoft.Network/virtualNetworks/myvnet/subnets/mysubnet",
                        "attributes": {
                            "address_prefix": "192.168.0.0/24",
                            "delegation.#": "0",
                            "id": "/subscriptions/56afa4ea-a01f-4797-94c5-11ba7fe2f802/resourceGroups/vmresource/providers/Microsoft.Network/virtualNetworks/myvnet/subnets/mysubnet",
                            "ip_configurations.#": "1",
                            "ip_configurations.1307640706": "/subscriptions/56afa4ea-a01f-4797-94c5-11ba7fe2f802/resourceGroups/vmresource/providers/Microsoft.Network/networkInterfaces/myNIC/ipConfigurations/myprivateip",
                            "name": "mysubnet",
                            "network_security_group_id": "",
                            "resource_group_name": "vmresource",
                            "route_table_id": "",
                            "service_endpoints.#": "0",
                            "virtual_network_name": "myvnet"
                        },
                        "meta": {},
                        "tainted": false
                    },
                    "deposed": [],
                    "provider": "provider.azurerm"
                },
                "azurerm_virtual_machine.web": {
                    "type": "azurerm_virtual_machine",
                    "depends_on": [
                        "azurerm_network_interface.mynic",
                        "azurerm_resource_group.myvm"
                    ],
                    "primary": {
                        "id": "/subscriptions/56afa4ea-a01f-4797-94c5-11ba7fe2f802/resourceGroups/vmresource/providers/Microsoft.Compute/virtualMachines/web",
                        "attributes": {
                            "delete_data_disks_on_termination": "false",
                            "delete_os_disk_on_termination": "false",
                            "id": "/subscriptions/56afa4ea-a01f-4797-94c5-11ba7fe2f802/resourceGroups/vmresource/providers/Microsoft.Compute/virtualMachines/web",
                            "identity.#": "0",
                            "location": "westus",
                            "name": "web",
                            "network_interface_ids.#": "1",
                            "network_interface_ids.0": "/subscriptions/56afa4ea-a01f-4797-94c5-11ba7fe2f802/resourceGroups/vmresource/providers/Microsoft.Network/networkInterfaces/myNIC",
                            "os_profile.#": "1",
                            "os_profile.1770182618.admin_password": "",
                            "os_profile.1770182618.admin_username": "azureuser",
                            "os_profile.1770182618.computer_name": "myvm",
                            "os_profile.1770182618.custom_data": "",
                            "os_profile_linux_config.#": "1",
                            "os_profile_linux_config.2972667452.disable_password_authentication": "false",
                            "os_profile_linux_config.2972667452.ssh_keys.#": "0",
                            "os_profile_secrets.#": "0",
                            "os_profile_windows_config.#": "0",
                            "plan.#": "0",
                            "resource_group_name": "vmresource",
                            "storage_data_disk.#": "0",
                            "storage_image_reference.#": "1",
                            "storage_image_reference.1211973898.id": "",
                            "storage_image_reference.1211973898.offer": "UbuntuServer",
                            "storage_image_reference.1211973898.publisher": "Canonical",
                            "storage_image_reference.1211973898.sku": "18.04-LTS",
                            "storage_image_reference.1211973898.version": "latest",
                            "storage_os_disk.#": "1",
                            "storage_os_disk.0.caching": "ReadWrite",
                            "storage_os_disk.0.create_option": "FromImage",
                            "storage_os_disk.0.disk_size_gb": "30",
                            "storage_os_disk.0.image_uri": "",
                            "storage_os_disk.0.managed_disk_id": "/subscriptions/56afa4ea-a01f-4797-94c5-11ba7fe2f802/resourceGroups/vmresource/providers/Microsoft.Compute/disks/myOsDisk",
                            "storage_os_disk.0.managed_disk_type": "Standard_LRS",
                            "storage_os_disk.0.name": "myOsDisk",
                            "storage_os_disk.0.os_type": "Linux",
                            "storage_os_disk.0.vhd_uri": "",
                            "storage_os_disk.0.write_accelerator_enabled": "false",
                            "tags.%": "0",
                            "vm_size": "Standard_B1s",
                            "zones.#": "0"
                        },
                        "meta": {},
                        "tainted": false
                    },
                    "deposed": [],
                    "provider": "provider.azurerm"
                },
                "azurerm_virtual_network.myvmnetwork": {
                    "type": "azurerm_virtual_network",
                    "depends_on": [
                        "azurerm_resource_group.myvm"
                    ],
                    "primary": {
                        "id": "/subscriptions/56afa4ea-a01f-4797-94c5-11ba7fe2f802/resourceGroups/vmresource/providers/Microsoft.Network/virtualNetworks/myvnet",
                        "attributes": {
                            "address_space.#": "1",
                            "address_space.0": "192.168.0.0/16",
                            "ddos_protection_plan.#": "0",
                            "dns_servers.#": "0",
                            "id": "/subscriptions/56afa4ea-a01f-4797-94c5-11ba7fe2f802/resourceGroups/vmresource/providers/Microsoft.Network/virtualNetworks/myvnet",
                            "location": "westus",
                            "name": "myvnet",
                            "resource_group_name": "vmresource",
                            "subnet.#": "1",
                            "subnet.1326850826.address_prefix": "192.168.0.0/24",
                            "subnet.1326850826.id": "/subscriptions/56afa4ea-a01f-4797-94c5-11ba7fe2f802/resourceGroups/vmresource/providers/Microsoft.Network/virtualNetworks/myvnet/subnets/mysubnet",
                            "subnet.1326850826.name": "mysubnet",
                            "subnet.1326850826.security_group": "",
                            "tags.%": "0"
                        },
                        "meta": {},
                        "tainted": false
                    },
                    "deposed": [],
                    "provider": "provider.azurerm"
                }
            },
            "depends_on": []
        }
    ]
}
